// !$*UTF8*$!
{
	archiveVersion = 1;
	classes = {
	};
	objectVersion = 48;
	objects = {

/* Begin PBXBuildFile section */
		09121DEB20163AA300AA5AF5 /* S3FileManager.swift in Sources */ = {isa = PBXBuildFile; fileRef = 09121DEA20163AA300AA5AF5 /* S3FileManager.swift */; };
		09121DEC20163AA300AA5AF5 /* S3FileManager.swift in Sources */ = {isa = PBXBuildFile; fileRef = 09121DEA20163AA300AA5AF5 /* S3FileManager.swift */; };
		09622FFE20113FD70049392D /* SystemInfoTextView.swift in Sources */ = {isa = PBXBuildFile; fileRef = 09622FFC20113FD70049392D /* SystemInfoTextView.swift */; };
		09623009201140B50049392D /* RZIOKit.c in Sources */ = {isa = PBXBuildFile; fileRef = 09623001201140B50049392D /* RZIOKit.c */; };
		0962300A201140B50049392D /* Process.swift in Sources */ = {isa = PBXBuildFile; fileRef = 09623004201140B50049392D /* Process.swift */; };
		0962300B201140B50049392D /* System.swift in Sources */ = {isa = PBXBuildFile; fileRef = 09623006201140B50049392D /* System.swift */; };
		0962300C201140B50049392D /* Battery.swift in Sources */ = {isa = PBXBuildFile; fileRef = 09623007201140B50049392D /* Battery.swift */; };
		0962300D201140B50049392D /* IOReturn.swift in Sources */ = {isa = PBXBuildFile; fileRef = 09623008201140B50049392D /* IOReturn.swift */; };
		09623013201140D30049392D /* LaunchScreen.storyboard in Resources */ = {isa = PBXBuildFile; fileRef = 0962300F201140D30049392D /* LaunchScreen.storyboard */; };
		09623014201140D30049392D /* Main.storyboard in Resources */ = {isa = PBXBuildFile; fileRef = 09623011201140D30049392D /* Main.storyboard */; };
		096230162011466D0049392D /* Log.swift in Sources */ = {isa = PBXBuildFile; fileRef = 096230152011466D0049392D /* Log.swift */; };
		096230172011466D0049392D /* Log.swift in Sources */ = {isa = PBXBuildFile; fileRef = 096230152011466D0049392D /* Log.swift */; };
		09F1E56C200EA17D0031FC0B /* AppDelegate.swift in Sources */ = {isa = PBXBuildFile; fileRef = 09F1E56B200EA17D0031FC0B /* AppDelegate.swift */; };
		09F1E56E200EA17D0031FC0B /* ViewController.swift in Sources */ = {isa = PBXBuildFile; fileRef = 09F1E56D200EA17D0031FC0B /* ViewController.swift */; };
		09F1E573200EA17D0031FC0B /* Assets.xcassets in Resources */ = {isa = PBXBuildFile; fileRef = 09F1E572200EA17D0031FC0B /* Assets.xcassets */; };
		504659C161B2E9D80425A46C /* Pods_SWABLE_Server.framework in Frameworks */ = {isa = PBXBuildFile; fileRef = 120B4600CA42B536084BF395 /* Pods_SWABLE_Server.framework */; };
		6D84FC69C485A6363323904B /* Pods_Parasite.framework in Frameworks */ = {isa = PBXBuildFile; fileRef = 545C6EA24225E19EAFEBD70A /* Pods_Parasite.framework */; };
		A1D4BF9BD0075E4B658B325C /* Pods_SWABLE_Client.framework in Frameworks */ = {isa = PBXBuildFile; fileRef = 0077D2F90318A30D18B5EF58 /* Pods_SWABLE_Client.framework */; };
		D4320F14200E9CFF00BF69C2 /* AppDelegate.swift in Sources */ = {isa = PBXBuildFile; fileRef = D4320F13200E9CFF00BF69C2 /* AppDelegate.swift */; };
		D4320F16200E9CFF00BF69C2 /* Assets.xcassets in Resources */ = {isa = PBXBuildFile; fileRef = D4320F15200E9CFF00BF69C2 /* Assets.xcassets */; };
		D4320F19200E9CFF00BF69C2 /* MainMenu.xib in Resources */ = {isa = PBXBuildFile; fileRef = D4320F17200E9CFF00BF69C2 /* MainMenu.xib */; };
		D4320F20200FA07E00BF69C2 /* BeaconMonitor.swift in Sources */ = {isa = PBXBuildFile; fileRef = D4320F1F200FA07E00BF69C2 /* BeaconMonitor.swift */; };
		D4320F22200FA0EC00BF69C2 /* Message.swift in Sources */ = {isa = PBXBuildFile; fileRef = D4320F21200FA0EC00BF69C2 /* Message.swift */; };
		D4320F24200FA1DB00BF69C2 /* Message.swift in Sources */ = {isa = PBXBuildFile; fileRef = D4320F21200FA0EC00BF69C2 /* Message.swift */; };
		D4320F2B200FC37A00BF69C2 /* Peripheral.swift in Sources */ = {isa = PBXBuildFile; fileRef = D4320F2A200FC37A00BF69C2 /* Peripheral.swift */; };
		D4320F2D200FCE4600BF69C2 /* Beacon.swift in Sources */ = {isa = PBXBuildFile; fileRef = D4320F2C200FCE4600BF69C2 /* Beacon.swift */; };
		D4320F2F200FCF2C00BF69C2 /* Constants.swift in Sources */ = {isa = PBXBuildFile; fileRef = D4320F2E200FCF2C00BF69C2 /* Constants.swift */; };
		D4320F30200FCFD900BF69C2 /* Constants.swift in Sources */ = {isa = PBXBuildFile; fileRef = D4320F2E200FCF2C00BF69C2 /* Constants.swift */; };
		D4320F33200FF18A00BF69C2 /* PeripheralScanner.swift in Sources */ = {isa = PBXBuildFile; fileRef = D4320F32200FF18A00BF69C2 /* PeripheralScanner.swift */; };
		D4320F35200FF68E00BF69C2 /* LogViewController.swift in Sources */ = {isa = PBXBuildFile; fileRef = D4320F34200FF68E00BF69C2 /* LogViewController.swift */; };
		D4320F362010E1C600BF69C2 /* LogViewController.swift in Sources */ = {isa = PBXBuildFile; fileRef = D4320F34200FF68E00BF69C2 /* LogViewController.swift */; };
		D45274FA200E9BBB000035B0 /* AppDelegate.swift in Sources */ = {isa = PBXBuildFile; fileRef = D45274F9200E9BBB000035B0 /* AppDelegate.swift */; };
		D4527501200E9BBB000035B0 /* Assets.xcassets in Resources */ = {isa = PBXBuildFile; fileRef = D4527500200E9BBB000035B0 /* Assets.xcassets */; };
		D4527504200E9BBB000035B0 /* LaunchScreen.storyboard in Resources */ = {isa = PBXBuildFile; fileRef = D4527502200E9BBB000035B0 /* LaunchScreen.storyboard */; };
/* End PBXBuildFile section */

/* Begin PBXFileReference section */
		0077D2F90318A30D18B5EF58 /* Pods_SWABLE_Client.framework */ = {isa = PBXFileReference; explicitFileType = wrapper.framework; includeInIndex = 0; path = Pods_SWABLE_Client.framework; sourceTree = BUILT_PRODUCTS_DIR; };
		09121DEA20163AA300AA5AF5 /* S3FileManager.swift */ = {isa = PBXFileReference; lastKnownFileType = sourcecode.swift; path = S3FileManager.swift; sourceTree = "<group>"; };
		09622FFC20113FD70049392D /* SystemInfoTextView.swift */ = {isa = PBXFileReference; fileEncoding = 4; lastKnownFileType = sourcecode.swift; path = SystemInfoTextView.swift; sourceTree = "<group>"; };
		09622FFD20113FD70049392D /* Parasite-Bridging-Header.h */ = {isa = PBXFileReference; fileEncoding = 4; lastKnownFileType = sourcecode.c.h; path = "Parasite-Bridging-Header.h"; sourceTree = "<group>"; };
		09623001201140B50049392D /* RZIOKit.c */ = {isa = PBXFileReference; fileEncoding = 4; lastKnownFileType = sourcecode.c.c; path = RZIOKit.c; sourceTree = "<group>"; };
		09623002201140B50049392D /* RZIOKit.h */ = {isa = PBXFileReference; fileEncoding = 4; lastKnownFileType = sourcecode.c.h; path = RZIOKit.h; sourceTree = "<group>"; };
		09623004201140B50049392D /* Process.swift */ = {isa = PBXFileReference; fileEncoding = 4; lastKnownFileType = sourcecode.swift; path = Process.swift; sourceTree = "<group>"; };
		09623005201140B50049392D /* SystemKit.h */ = {isa = PBXFileReference; fileEncoding = 4; lastKnownFileType = sourcecode.c.h; path = SystemKit.h; sourceTree = "<group>"; };
		09623006201140B50049392D /* System.swift */ = {isa = PBXFileReference; fileEncoding = 4; lastKnownFileType = sourcecode.swift; path = System.swift; sourceTree = "<group>"; };
		09623007201140B50049392D /* Battery.swift */ = {isa = PBXFileReference; fileEncoding = 4; lastKnownFileType = sourcecode.swift; path = Battery.swift; sourceTree = "<group>"; };
		09623008201140B50049392D /* IOReturn.swift */ = {isa = PBXFileReference; fileEncoding = 4; lastKnownFileType = sourcecode.swift; path = IOReturn.swift; sourceTree = "<group>"; };
		09623010201140D30049392D /* Base */ = {isa = PBXFileReference; lastKnownFileType = file.storyboard; name = Base; path = Base.lproj/LaunchScreen.storyboard; sourceTree = "<group>"; };
		09623012201140D30049392D /* Base */ = {isa = PBXFileReference; lastKnownFileType = file.storyboard; name = Base; path = Base.lproj/Main.storyboard; sourceTree = "<group>"; };
		096230152011466D0049392D /* Log.swift */ = {isa = PBXFileReference; lastKnownFileType = sourcecode.swift; path = Log.swift; sourceTree = "<group>"; };
		09F1E569200EA17D0031FC0B /* Parasite.app */ = {isa = PBXFileReference; explicitFileType = wrapper.application; includeInIndex = 0; path = Parasite.app; sourceTree = BUILT_PRODUCTS_DIR; };
		09F1E56B200EA17D0031FC0B /* AppDelegate.swift */ = {isa = PBXFileReference; lastKnownFileType = sourcecode.swift; path = AppDelegate.swift; sourceTree = "<group>"; };
		09F1E56D200EA17D0031FC0B /* ViewController.swift */ = {isa = PBXFileReference; lastKnownFileType = sourcecode.swift; path = ViewController.swift; sourceTree = "<group>"; };
		09F1E572200EA17D0031FC0B /* Assets.xcassets */ = {isa = PBXFileReference; lastKnownFileType = folder.assetcatalog; path = Assets.xcassets; sourceTree = "<group>"; };
		09F1E577200EA17D0031FC0B /* Info.plist */ = {isa = PBXFileReference; lastKnownFileType = text.plist.xml; path = Info.plist; sourceTree = "<group>"; };
		1085FE242141C0A91966ACB1 /* Pods-Parasite.debug.xcconfig */ = {isa = PBXFileReference; includeInIndex = 1; lastKnownFileType = text.xcconfig; name = "Pods-Parasite.debug.xcconfig"; path = "Pods/Target Support Files/Pods-Parasite/Pods-Parasite.debug.xcconfig"; sourceTree = "<group>"; };
		120B4600CA42B536084BF395 /* Pods_SWABLE_Server.framework */ = {isa = PBXFileReference; explicitFileType = wrapper.framework; includeInIndex = 0; path = Pods_SWABLE_Server.framework; sourceTree = BUILT_PRODUCTS_DIR; };
		26A7037192C3BE6C418634F0 /* Pods-SWABLE-Client.debug.xcconfig */ = {isa = PBXFileReference; includeInIndex = 1; lastKnownFileType = text.xcconfig; name = "Pods-SWABLE-Client.debug.xcconfig"; path = "Pods/Target Support Files/Pods-SWABLE-Client/Pods-SWABLE-Client.debug.xcconfig"; sourceTree = "<group>"; };
		4DD297B462B69B23EE99BB36 /* Pods-SWABLE-Client.release.xcconfig */ = {isa = PBXFileReference; includeInIndex = 1; lastKnownFileType = text.xcconfig; name = "Pods-SWABLE-Client.release.xcconfig"; path = "Pods/Target Support Files/Pods-SWABLE-Client/Pods-SWABLE-Client.release.xcconfig"; sourceTree = "<group>"; };
		545C6EA24225E19EAFEBD70A /* Pods_Parasite.framework */ = {isa = PBXFileReference; explicitFileType = wrapper.framework; includeInIndex = 0; path = Pods_Parasite.framework; sourceTree = BUILT_PRODUCTS_DIR; };
		900BB15F678E32778D19C3B3 /* Pods-SWABLE-Server.release.xcconfig */ = {isa = PBXFileReference; includeInIndex = 1; lastKnownFileType = text.xcconfig; name = "Pods-SWABLE-Server.release.xcconfig"; path = "Pods/Target Support Files/Pods-SWABLE-Server/Pods-SWABLE-Server.release.xcconfig"; sourceTree = "<group>"; };
		C09575DB18C5CB77F9B60BC3 /* Pods-SWABLE-Server.debug.xcconfig */ = {isa = PBXFileReference; includeInIndex = 1; lastKnownFileType = text.xcconfig; name = "Pods-SWABLE-Server.debug.xcconfig"; path = "Pods/Target Support Files/Pods-SWABLE-Server/Pods-SWABLE-Server.debug.xcconfig"; sourceTree = "<group>"; };
		D4320F11200E9CFF00BF69C2 /* SWABLE-Server.app */ = {isa = PBXFileReference; explicitFileType = wrapper.application; includeInIndex = 0; path = "SWABLE-Server.app"; sourceTree = BUILT_PRODUCTS_DIR; };
		D4320F13200E9CFF00BF69C2 /* AppDelegate.swift */ = {isa = PBXFileReference; lastKnownFileType = sourcecode.swift; path = AppDelegate.swift; sourceTree = "<group>"; };
		D4320F15200E9CFF00BF69C2 /* Assets.xcassets */ = {isa = PBXFileReference; lastKnownFileType = folder.assetcatalog; path = Assets.xcassets; sourceTree = "<group>"; };
		D4320F18200E9CFF00BF69C2 /* Base */ = {isa = PBXFileReference; lastKnownFileType = file.xib; name = Base; path = Base.lproj/MainMenu.xib; sourceTree = "<group>"; };
		D4320F1A200E9CFF00BF69C2 /* Info.plist */ = {isa = PBXFileReference; lastKnownFileType = text.plist.xml; path = Info.plist; sourceTree = "<group>"; };
		D4320F1B200E9CFF00BF69C2 /* SWABLE_Server.entitlements */ = {isa = PBXFileReference; lastKnownFileType = text.plist.entitlements; path = SWABLE_Server.entitlements; sourceTree = "<group>"; };
		D4320F1F200FA07E00BF69C2 /* BeaconMonitor.swift */ = {isa = PBXFileReference; lastKnownFileType = sourcecode.swift; path = BeaconMonitor.swift; sourceTree = "<group>"; };
		D4320F21200FA0EC00BF69C2 /* Message.swift */ = {isa = PBXFileReference; lastKnownFileType = sourcecode.swift; path = Message.swift; sourceTree = "<group>"; };
		D4320F2A200FC37A00BF69C2 /* Peripheral.swift */ = {isa = PBXFileReference; fileEncoding = 4; lastKnownFileType = sourcecode.swift; path = Peripheral.swift; sourceTree = "<group>"; };
		D4320F2C200FCE4600BF69C2 /* Beacon.swift */ = {isa = PBXFileReference; lastKnownFileType = sourcecode.swift; path = Beacon.swift; sourceTree = "<group>"; };
		D4320F2E200FCF2C00BF69C2 /* Constants.swift */ = {isa = PBXFileReference; lastKnownFileType = sourcecode.swift; path = Constants.swift; sourceTree = "<group>"; };
		D4320F32200FF18A00BF69C2 /* PeripheralScanner.swift */ = {isa = PBXFileReference; lastKnownFileType = sourcecode.swift; path = PeripheralScanner.swift; sourceTree = "<group>"; };
		D4320F34200FF68E00BF69C2 /* LogViewController.swift */ = {isa = PBXFileReference; lastKnownFileType = sourcecode.swift; path = LogViewController.swift; sourceTree = "<group>"; };
		D45274F6200E9BBB000035B0 /* SWABLE-Client.app */ = {isa = PBXFileReference; explicitFileType = wrapper.application; includeInIndex = 0; path = "SWABLE-Client.app"; sourceTree = BUILT_PRODUCTS_DIR; };
		D45274F9200E9BBB000035B0 /* AppDelegate.swift */ = {isa = PBXFileReference; lastKnownFileType = sourcecode.swift; path = AppDelegate.swift; sourceTree = "<group>"; };
		D4527500200E9BBB000035B0 /* Assets.xcassets */ = {isa = PBXFileReference; lastKnownFileType = folder.assetcatalog; path = Assets.xcassets; sourceTree = "<group>"; };
		D4527503200E9BBB000035B0 /* Base */ = {isa = PBXFileReference; lastKnownFileType = file.storyboard; name = Base; path = Base.lproj/LaunchScreen.storyboard; sourceTree = "<group>"; };
		D4527505200E9BBB000035B0 /* Info.plist */ = {isa = PBXFileReference; lastKnownFileType = text.plist.xml; path = Info.plist; sourceTree = "<group>"; };
		F452D7BB7BBCC02C65E8BFC9 /* Pods-Parasite.release.xcconfig */ = {isa = PBXFileReference; includeInIndex = 1; lastKnownFileType = text.xcconfig; name = "Pods-Parasite.release.xcconfig"; path = "Pods/Target Support Files/Pods-Parasite/Pods-Parasite.release.xcconfig"; sourceTree = "<group>"; };
/* End PBXFileReference section */

/* Begin PBXFrameworksBuildPhase section */
		09F1E566200EA17D0031FC0B /* Frameworks */ = {
			isa = PBXFrameworksBuildPhase;
			buildActionMask = 2147483647;
			files = (
				6D84FC69C485A6363323904B /* Pods_Parasite.framework in Frameworks */,
			);
			runOnlyForDeploymentPostprocessing = 0;
		};
		D4320F0E200E9CFF00BF69C2 /* Frameworks */ = {
			isa = PBXFrameworksBuildPhase;
			buildActionMask = 2147483647;
			files = (
				504659C161B2E9D80425A46C /* Pods_SWABLE_Server.framework in Frameworks */,
			);
			runOnlyForDeploymentPostprocessing = 0;
		};
		D45274F3200E9BBB000035B0 /* Frameworks */ = {
			isa = PBXFrameworksBuildPhase;
			buildActionMask = 2147483647;
			files = (
				A1D4BF9BD0075E4B658B325C /* Pods_SWABLE_Client.framework in Frameworks */,
			);
			runOnlyForDeploymentPostprocessing = 0;
		};
/* End PBXFrameworksBuildPhase section */

/* Begin PBXGroup section */
		09622FFF201140B50049392D /* Dependencies */ = {
			isa = PBXGroup;
			children = (
				09623000201140B50049392D /* RZIOKit */,
				09623003201140B50049392D /* SystemKit */,
			);
			path = Dependencies;
			sourceTree = "<group>";
		};
		09623000201140B50049392D /* RZIOKit */ = {
			isa = PBXGroup;
			children = (
				09623001201140B50049392D /* RZIOKit.c */,
				09623002201140B50049392D /* RZIOKit.h */,
			);
			path = RZIOKit;
			sourceTree = "<group>";
		};
		09623003201140B50049392D /* SystemKit */ = {
			isa = PBXGroup;
			children = (
				09623004201140B50049392D /* Process.swift */,
				09623005201140B50049392D /* SystemKit.h */,
				09623006201140B50049392D /* System.swift */,
				09623007201140B50049392D /* Battery.swift */,
				09623008201140B50049392D /* IOReturn.swift */,
			);
			path = SystemKit;
			sourceTree = "<group>";
		};
		0962300E201140D30049392D /* Storyboards */ = {
			isa = PBXGroup;
			children = (
				0962300F201140D30049392D /* LaunchScreen.storyboard */,
				09623011201140D30049392D /* Main.storyboard */,
			);
			path = Storyboards;
			sourceTree = "<group>";
		};
		09F1E56A200EA17D0031FC0B /* Parasite */ = {
			isa = PBXGroup;
			children = (
				09F1E577200EA17D0031FC0B /* Info.plist */,
				09F1E572200EA17D0031FC0B /* Assets.xcassets */,
				0962300E201140D30049392D /* Storyboards */,
				09622FFF201140B50049392D /* Dependencies */,
				09F1E56B200EA17D0031FC0B /* AppDelegate.swift */,
				09F1E56D200EA17D0031FC0B /* ViewController.swift */,
				09622FFC20113FD70049392D /* SystemInfoTextView.swift */,
				09622FFD20113FD70049392D /* Parasite-Bridging-Header.h */,
			);
			path = Parasite;
			sourceTree = "<group>";
		};
		18441DE80A4E29A3CE9D9A0D /* Pods */ = {
			isa = PBXGroup;
			children = (
				26A7037192C3BE6C418634F0 /* Pods-SWABLE-Client.debug.xcconfig */,
				4DD297B462B69B23EE99BB36 /* Pods-SWABLE-Client.release.xcconfig */,
				C09575DB18C5CB77F9B60BC3 /* Pods-SWABLE-Server.debug.xcconfig */,
				900BB15F678E32778D19C3B3 /* Pods-SWABLE-Server.release.xcconfig */,
				1085FE242141C0A91966ACB1 /* Pods-Parasite.debug.xcconfig */,
				F452D7BB7BBCC02C65E8BFC9 /* Pods-Parasite.release.xcconfig */,
			);
			name = Pods;
			sourceTree = "<group>";
		};
		8E059A3E37E4A97128270E50 /* Frameworks */ = {
			isa = PBXGroup;
			children = (
				0077D2F90318A30D18B5EF58 /* Pods_SWABLE_Client.framework */,
				120B4600CA42B536084BF395 /* Pods_SWABLE_Server.framework */,
				545C6EA24225E19EAFEBD70A /* Pods_Parasite.framework */,
			);
			name = Frameworks;
			sourceTree = "<group>";
		};
		D4320F12200E9CFF00BF69C2 /* SWABLE-Server */ = {
			isa = PBXGroup;
			children = (
				D4320F13200E9CFF00BF69C2 /* AppDelegate.swift */,
				D4320F2C200FCE4600BF69C2 /* Beacon.swift */,
				D4320F32200FF18A00BF69C2 /* PeripheralScanner.swift */,
				D4320F15200E9CFF00BF69C2 /* Assets.xcassets */,
				D4320F17200E9CFF00BF69C2 /* MainMenu.xib */,
				D4320F1A200E9CFF00BF69C2 /* Info.plist */,
				D4320F1B200E9CFF00BF69C2 /* SWABLE_Server.entitlements */,
			);
			path = "SWABLE-Server";
			sourceTree = "<group>";
		};
		D4320F23200FA1CE00BF69C2 /* Shared */ = {
			isa = PBXGroup;
			children = (
				D4320F2E200FCF2C00BF69C2 /* Constants.swift */,
				D4320F21200FA0EC00BF69C2 /* Message.swift */,
				D4320F34200FF68E00BF69C2 /* LogViewController.swift */,
				096230152011466D0049392D /* Log.swift */,
				09121DEA20163AA300AA5AF5 /* S3FileManager.swift */,
			);
			path = Shared;
			sourceTree = "<group>";
		};
		D45274ED200E9BBB000035B0 = {
			isa = PBXGroup;
			children = (
				D45274F8200E9BBB000035B0 /* SWABLE-Client */,
				D4320F12200E9CFF00BF69C2 /* SWABLE-Server */,
				09F1E56A200EA17D0031FC0B /* Parasite */,
				D4320F23200FA1CE00BF69C2 /* Shared */,
				D45274F7200E9BBB000035B0 /* Products */,
				18441DE80A4E29A3CE9D9A0D /* Pods */,
				8E059A3E37E4A97128270E50 /* Frameworks */,
			);
			sourceTree = "<group>";
		};
		D45274F7200E9BBB000035B0 /* Products */ = {
			isa = PBXGroup;
			children = (
				D45274F6200E9BBB000035B0 /* SWABLE-Client.app */,
				D4320F11200E9CFF00BF69C2 /* SWABLE-Server.app */,
				09F1E569200EA17D0031FC0B /* Parasite.app */,
			);
			name = Products;
			sourceTree = "<group>";
		};
		D45274F8200E9BBB000035B0 /* SWABLE-Client */ = {
			isa = PBXGroup;
			children = (
				D45274F9200E9BBB000035B0 /* AppDelegate.swift */,
				D4527500200E9BBB000035B0 /* Assets.xcassets */,
				D4527502200E9BBB000035B0 /* LaunchScreen.storyboard */,
				D4527505200E9BBB000035B0 /* Info.plist */,
				D4320F1F200FA07E00BF69C2 /* BeaconMonitor.swift */,
				D4320F2A200FC37A00BF69C2 /* Peripheral.swift */,
			);
			path = "SWABLE-Client";
			sourceTree = "<group>";
		};
/* End PBXGroup section */

/* Begin PBXNativeTarget section */
		09F1E568200EA17D0031FC0B /* Parasite */ = {
			isa = PBXNativeTarget;
			buildConfigurationList = 09F1E57A200EA17D0031FC0B /* Build configuration list for PBXNativeTarget "Parasite" */;
			buildPhases = (
				4601111CB48529DFE138465A /* [CP] Check Pods Manifest.lock */,
				09F1E565200EA17D0031FC0B /* Sources */,
				09F1E566200EA17D0031FC0B /* Frameworks */,
				09F1E567200EA17D0031FC0B /* Resources */,
				58D7371B335230CE223A50EE /* [CP] Embed Pods Frameworks */,
				87DC064523F418A2DA72CD40 /* [CP] Copy Pods Resources */,
			);
			buildRules = (
			);
			dependencies = (
			);
			name = Parasite;
			productName = Parasite;
			productReference = 09F1E569200EA17D0031FC0B /* Parasite.app */;
			productType = "com.apple.product-type.application";
		};
		D4320F10200E9CFF00BF69C2 /* SWABLE-Server */ = {
			isa = PBXNativeTarget;
			buildConfigurationList = D4320F1C200E9CFF00BF69C2 /* Build configuration list for PBXNativeTarget "SWABLE-Server" */;
			buildPhases = (
				FB01209F3978A26E6434C303 /* [CP] Check Pods Manifest.lock */,
				D4320F0D200E9CFF00BF69C2 /* Sources */,
				D4320F0E200E9CFF00BF69C2 /* Frameworks */,
				D4320F0F200E9CFF00BF69C2 /* Resources */,
				BD98070BECA14D28D1FAF750 /* [CP] Embed Pods Frameworks */,
				9DFABDD7F282313E921F7597 /* [CP] Copy Pods Resources */,
			);
			buildRules = (
			);
			dependencies = (
			);
			name = "SWABLE-Server";
			productName = "SWABLE-Server";
			productReference = D4320F11200E9CFF00BF69C2 /* SWABLE-Server.app */;
			productType = "com.apple.product-type.application";
		};
		D45274F5200E9BBB000035B0 /* SWABLE-Client */ = {
			isa = PBXNativeTarget;
			buildConfigurationList = D4527508200E9BBB000035B0 /* Build configuration list for PBXNativeTarget "SWABLE-Client" */;
			buildPhases = (
				B1C0A350BDC07A635F735B8B /* [CP] Check Pods Manifest.lock */,
				D45274F2200E9BBB000035B0 /* Sources */,
				D45274F3200E9BBB000035B0 /* Frameworks */,
				D45274F4200E9BBB000035B0 /* Resources */,
				4CC438C381FDC85DAD92F324 /* [CP] Embed Pods Frameworks */,
				66CF08F7D428C8E3B22BD040 /* [CP] Copy Pods Resources */,
			);
			buildRules = (
			);
			dependencies = (
			);
			name = "SWABLE-Client";
			productName = SWABLE;
			productReference = D45274F6200E9BBB000035B0 /* SWABLE-Client.app */;
			productType = "com.apple.product-type.application";
		};
/* End PBXNativeTarget section */

/* Begin PBXProject section */
		D45274EE200E9BBB000035B0 /* Project object */ = {
			isa = PBXProject;
			attributes = {
				LastSwiftUpdateCheck = 0920;
				LastUpgradeCheck = 0910;
				ORGANIZATIONNAME = Raizlabs;
				TargetAttributes = {
					09F1E568200EA17D0031FC0B = {
						CreatedOnToolsVersion = 9.2;
						ProvisioningStyle = Automatic;
					};
					D4320F10200E9CFF00BF69C2 = {
						CreatedOnToolsVersion = 9.1;
						ProvisioningStyle = Automatic;
					};
					D45274F5200E9BBB000035B0 = {
						CreatedOnToolsVersion = 9.1;
						ProvisioningStyle = Automatic;
					};
				};
			};
			buildConfigurationList = D45274F1200E9BBB000035B0 /* Build configuration list for PBXProject "SWABLE" */;
			compatibilityVersion = "Xcode 8.0";
			developmentRegion = en;
			hasScannedForEncodings = 0;
			knownRegions = (
				en,
				Base,
			);
			mainGroup = D45274ED200E9BBB000035B0;
			productRefGroup = D45274F7200E9BBB000035B0 /* Products */;
			projectDirPath = "";
			projectRoot = "";
			targets = (
				D45274F5200E9BBB000035B0 /* SWABLE-Client */,
				D4320F10200E9CFF00BF69C2 /* SWABLE-Server */,
				09F1E568200EA17D0031FC0B /* Parasite */,
			);
		};
/* End PBXProject section */

/* Begin PBXResourcesBuildPhase section */
		09F1E567200EA17D0031FC0B /* Resources */ = {
			isa = PBXResourcesBuildPhase;
			buildActionMask = 2147483647;
			files = (
				09623014201140D30049392D /* Main.storyboard in Resources */,
				09F1E573200EA17D0031FC0B /* Assets.xcassets in Resources */,
				09623013201140D30049392D /* LaunchScreen.storyboard in Resources */,
			);
			runOnlyForDeploymentPostprocessing = 0;
		};
		D4320F0F200E9CFF00BF69C2 /* Resources */ = {
			isa = PBXResourcesBuildPhase;
			buildActionMask = 2147483647;
			files = (
				D4320F16200E9CFF00BF69C2 /* Assets.xcassets in Resources */,
				D4320F19200E9CFF00BF69C2 /* MainMenu.xib in Resources */,
			);
			runOnlyForDeploymentPostprocessing = 0;
		};
		D45274F4200E9BBB000035B0 /* Resources */ = {
			isa = PBXResourcesBuildPhase;
			buildActionMask = 2147483647;
			files = (
				D4527504200E9BBB000035B0 /* LaunchScreen.storyboard in Resources */,
				D4527501200E9BBB000035B0 /* Assets.xcassets in Resources */,
			);
			runOnlyForDeploymentPostprocessing = 0;
		};
/* End PBXResourcesBuildPhase section */

/* Begin PBXShellScriptBuildPhase section */
		4601111CB48529DFE138465A /* [CP] Check Pods Manifest.lock */ = {
			isa = PBXShellScriptBuildPhase;
			buildActionMask = 2147483647;
			files = (
			);
			inputPaths = (
				"${PODS_PODFILE_DIR_PATH}/Podfile.lock",
				"${PODS_ROOT}/Manifest.lock",
			);
			name = "[CP] Check Pods Manifest.lock";
			outputPaths = (
				"$(DERIVED_FILE_DIR)/Pods-Parasite-checkManifestLockResult.txt",
			);
			runOnlyForDeploymentPostprocessing = 0;
			shellPath = /bin/sh;
			shellScript = "diff \"${PODS_PODFILE_DIR_PATH}/Podfile.lock\" \"${PODS_ROOT}/Manifest.lock\" > /dev/null\nif [ $? != 0 ] ; then\n    # print error to STDERR\n    echo \"error: The sandbox is not in sync with the Podfile.lock. Run 'pod install' or update your CocoaPods installation.\" >&2\n    exit 1\nfi\n# This output is used by Xcode 'outputs' to avoid re-running this script phase.\necho \"SUCCESS\" > \"${SCRIPT_OUTPUT_FILE_0}\"\n";
			showEnvVarsInLog = 0;
		};
		4CC438C381FDC85DAD92F324 /* [CP] Embed Pods Frameworks */ = {
			isa = PBXShellScriptBuildPhase;
			buildActionMask = 2147483647;
			files = (
			);
			inputPaths = (
				"${SRCROOT}/Pods/Target Support Files/Pods-SWABLE-Client/Pods-SWABLE-Client-frameworks.sh",
				"${BUILT_PRODUCTS_DIR}/Alamofire-iOS/Alamofire.framework",
				"${BUILT_PRODUCTS_DIR}/Anchorage-iOS/Anchorage.framework",
				"${BUILT_PRODUCTS_DIR}/CryptoSwift-iOS/CryptoSwift.framework",
			);
			name = "[CP] Embed Pods Frameworks";
			outputPaths = (
				"${TARGET_BUILD_DIR}/${FRAMEWORKS_FOLDER_PATH}/Alamofire.framework",
				"${TARGET_BUILD_DIR}/${FRAMEWORKS_FOLDER_PATH}/Anchorage.framework",
				"${TARGET_BUILD_DIR}/${FRAMEWORKS_FOLDER_PATH}/CryptoSwift.framework",
			);
			runOnlyForDeploymentPostprocessing = 0;
			shellPath = /bin/sh;
			shellScript = "\"${SRCROOT}/Pods/Target Support Files/Pods-SWABLE-Client/Pods-SWABLE-Client-frameworks.sh\"\n";
			showEnvVarsInLog = 0;
		};
		58D7371B335230CE223A50EE /* [CP] Embed Pods Frameworks */ = {
			isa = PBXShellScriptBuildPhase;
			buildActionMask = 2147483647;
			files = (
			);
			inputPaths = (
				"${SRCROOT}/Pods/Target Support Files/Pods-Parasite/Pods-Parasite-frameworks.sh",
				"${BUILT_PRODUCTS_DIR}/Anchorage-iOS/Anchorage.framework",
			);
			name = "[CP] Embed Pods Frameworks";
			outputPaths = (
				"${TARGET_BUILD_DIR}/${FRAMEWORKS_FOLDER_PATH}/Anchorage.framework",
			);
			runOnlyForDeploymentPostprocessing = 0;
			shellPath = /bin/sh;
			shellScript = "\"${SRCROOT}/Pods/Target Support Files/Pods-Parasite/Pods-Parasite-frameworks.sh\"\n";
			showEnvVarsInLog = 0;
		};
		66CF08F7D428C8E3B22BD040 /* [CP] Copy Pods Resources */ = {
			isa = PBXShellScriptBuildPhase;
			buildActionMask = 2147483647;
			files = (
			);
			inputPaths = (
			);
			name = "[CP] Copy Pods Resources";
			outputPaths = (
			);
			runOnlyForDeploymentPostprocessing = 0;
			shellPath = /bin/sh;
			shellScript = "\"${SRCROOT}/Pods/Target Support Files/Pods-SWABLE-Client/Pods-SWABLE-Client-resources.sh\"\n";
			showEnvVarsInLog = 0;
		};
		87DC064523F418A2DA72CD40 /* [CP] Copy Pods Resources */ = {
			isa = PBXShellScriptBuildPhase;
			buildActionMask = 2147483647;
			files = (
			);
			inputPaths = (
			);
			name = "[CP] Copy Pods Resources";
			outputPaths = (
			);
			runOnlyForDeploymentPostprocessing = 0;
			shellPath = /bin/sh;
			shellScript = "\"${SRCROOT}/Pods/Target Support Files/Pods-Parasite/Pods-Parasite-resources.sh\"\n";
			showEnvVarsInLog = 0;
		};
		9DFABDD7F282313E921F7597 /* [CP] Copy Pods Resources */ = {
			isa = PBXShellScriptBuildPhase;
			buildActionMask = 2147483647;
			files = (
			);
			inputPaths = (
			);
			name = "[CP] Copy Pods Resources";
			outputPaths = (
			);
			runOnlyForDeploymentPostprocessing = 0;
			shellPath = /bin/sh;
			shellScript = "\"${SRCROOT}/Pods/Target Support Files/Pods-SWABLE-Server/Pods-SWABLE-Server-resources.sh\"\n";
			showEnvVarsInLog = 0;
		};
		B1C0A350BDC07A635F735B8B /* [CP] Check Pods Manifest.lock */ = {
			isa = PBXShellScriptBuildPhase;
			buildActionMask = 2147483647;
			files = (
			);
			inputPaths = (
				"${PODS_PODFILE_DIR_PATH}/Podfile.lock",
				"${PODS_ROOT}/Manifest.lock",
			);
			name = "[CP] Check Pods Manifest.lock";
			outputPaths = (
				"$(DERIVED_FILE_DIR)/Pods-SWABLE-Client-checkManifestLockResult.txt",
			);
			runOnlyForDeploymentPostprocessing = 0;
			shellPath = /bin/sh;
			shellScript = "diff \"${PODS_PODFILE_DIR_PATH}/Podfile.lock\" \"${PODS_ROOT}/Manifest.lock\" > /dev/null\nif [ $? != 0 ] ; then\n    # print error to STDERR\n    echo \"error: The sandbox is not in sync with the Podfile.lock. Run 'pod install' or update your CocoaPods installation.\" >&2\n    exit 1\nfi\n# This output is used by Xcode 'outputs' to avoid re-running this script phase.\necho \"SUCCESS\" > \"${SCRIPT_OUTPUT_FILE_0}\"\n";
			showEnvVarsInLog = 0;
		};
		BD98070BECA14D28D1FAF750 /* [CP] Embed Pods Frameworks */ = {
			isa = PBXShellScriptBuildPhase;
			buildActionMask = 2147483647;
			files = (
			);
			inputPaths = (
				"${SRCROOT}/Pods/Target Support Files/Pods-SWABLE-Server/Pods-SWABLE-Server-frameworks.sh",
				"${BUILT_PRODUCTS_DIR}/Alamofire-macOS/Alamofire.framework",
				"${BUILT_PRODUCTS_DIR}/Anchorage-macOS/Anchorage.framework",
				"${BUILT_PRODUCTS_DIR}/CryptoSwift-macOS/CryptoSwift.framework",
			);
			name = "[CP] Embed Pods Frameworks";
			outputPaths = (
				"${TARGET_BUILD_DIR}/${FRAMEWORKS_FOLDER_PATH}/Alamofire.framework",
				"${TARGET_BUILD_DIR}/${FRAMEWORKS_FOLDER_PATH}/Anchorage.framework",
				"${TARGET_BUILD_DIR}/${FRAMEWORKS_FOLDER_PATH}/CryptoSwift.framework",
			);
			runOnlyForDeploymentPostprocessing = 0;
			shellPath = /bin/sh;
			shellScript = "\"${SRCROOT}/Pods/Target Support Files/Pods-SWABLE-Server/Pods-SWABLE-Server-frameworks.sh\"\n";
			showEnvVarsInLog = 0;
		};
		FB01209F3978A26E6434C303 /* [CP] Check Pods Manifest.lock */ = {
			isa = PBXShellScriptBuildPhase;
			buildActionMask = 2147483647;
			files = (
			);
			inputPaths = (
				"${PODS_PODFILE_DIR_PATH}/Podfile.lock",
				"${PODS_ROOT}/Manifest.lock",
			);
			name = "[CP] Check Pods Manifest.lock";
			outputPaths = (
				"$(DERIVED_FILE_DIR)/Pods-SWABLE-Server-checkManifestLockResult.txt",
			);
			runOnlyForDeploymentPostprocessing = 0;
			shellPath = /bin/sh;
			shellScript = "diff \"${PODS_PODFILE_DIR_PATH}/Podfile.lock\" \"${PODS_ROOT}/Manifest.lock\" > /dev/null\nif [ $? != 0 ] ; then\n    # print error to STDERR\n    echo \"error: The sandbox is not in sync with the Podfile.lock. Run 'pod install' or update your CocoaPods installation.\" >&2\n    exit 1\nfi\n# This output is used by Xcode 'outputs' to avoid re-running this script phase.\necho \"SUCCESS\" > \"${SCRIPT_OUTPUT_FILE_0}\"\n";
			showEnvVarsInLog = 0;
		};
/* End PBXShellScriptBuildPhase section */

/* Begin PBXSourcesBuildPhase section */
		09F1E565200EA17D0031FC0B /* Sources */ = {
			isa = PBXSourcesBuildPhase;
			buildActionMask = 2147483647;
			files = (
				09622FFE20113FD70049392D /* SystemInfoTextView.swift in Sources */,
				09F1E56E200EA17D0031FC0B /* ViewController.swift in Sources */,
				09F1E56C200EA17D0031FC0B /* AppDelegate.swift in Sources */,
				0962300C201140B50049392D /* Battery.swift in Sources */,
				09623009201140B50049392D /* RZIOKit.c in Sources */,
				0962300B201140B50049392D /* System.swift in Sources */,
				0962300A201140B50049392D /* Process.swift in Sources */,
				0962300D201140B50049392D /* IOReturn.swift in Sources */,
			);
			runOnlyForDeploymentPostprocessing = 0;
		};
		D4320F0D200E9CFF00BF69C2 /* Sources */ = {
			isa = PBXSourcesBuildPhase;
			buildActionMask = 2147483647;
			files = (
				D4320F35200FF68E00BF69C2 /* LogViewController.swift in Sources */,
				09121DEC20163AA300AA5AF5 /* S3FileManager.swift in Sources */,
				096230172011466D0049392D /* Log.swift in Sources */,
				D4320F14200E9CFF00BF69C2 /* AppDelegate.swift in Sources */,
				D4320F24200FA1DB00BF69C2 /* Message.swift in Sources */,
				D4320F33200FF18A00BF69C2 /* PeripheralScanner.swift in Sources */,
				D4320F2D200FCE4600BF69C2 /* Beacon.swift in Sources */,
				D4320F2F200FCF2C00BF69C2 /* Constants.swift in Sources */,
			);
			runOnlyForDeploymentPostprocessing = 0;
		};
		D45274F2200E9BBB000035B0 /* Sources */ = {
			isa = PBXSourcesBuildPhase;
			buildActionMask = 2147483647;
			files = (
				D4320F2B200FC37A00BF69C2 /* Peripheral.swift in Sources */,
				09121DEB20163AA300AA5AF5 /* S3FileManager.swift in Sources */,
				096230162011466D0049392D /* Log.swift in Sources */,
				D4320F20200FA07E00BF69C2 /* BeaconMonitor.swift in Sources */,
				D45274FA200E9BBB000035B0 /* AppDelegate.swift in Sources */,
				D4320F362010E1C600BF69C2 /* LogViewController.swift in Sources */,
				D4320F22200FA0EC00BF69C2 /* Message.swift in Sources */,
				D4320F30200FCFD900BF69C2 /* Constants.swift in Sources */,
			);
			runOnlyForDeploymentPostprocessing = 0;
		};
/* End PBXSourcesBuildPhase section */

/* Begin PBXVariantGroup section */
		0962300F201140D30049392D /* LaunchScreen.storyboard */ = {
			isa = PBXVariantGroup;
			children = (
				09623010201140D30049392D /* Base */,
			);
			name = LaunchScreen.storyboard;
			sourceTree = "<group>";
		};
		09623011201140D30049392D /* Main.storyboard */ = {
			isa = PBXVariantGroup;
			children = (
				09623012201140D30049392D /* Base */,
			);
			name = Main.storyboard;
			sourceTree = "<group>";
		};
		D4320F17200E9CFF00BF69C2 /* MainMenu.xib */ = {
			isa = PBXVariantGroup;
			children = (
				D4320F18200E9CFF00BF69C2 /* Base */,
			);
			name = MainMenu.xib;
			sourceTree = "<group>";
		};
		D4527502200E9BBB000035B0 /* LaunchScreen.storyboard */ = {
			isa = PBXVariantGroup;
			children = (
				D4527503200E9BBB000035B0 /* Base */,
			);
			name = LaunchScreen.storyboard;
			sourceTree = "<group>";
		};
/* End PBXVariantGroup section */

/* Begin XCBuildConfiguration section */
		09F1E578200EA17D0031FC0B /* Debug */ = {
			isa = XCBuildConfiguration;
			baseConfigurationReference = 1085FE242141C0A91966ACB1 /* Pods-Parasite.debug.xcconfig */;
			buildSettings = {
				ASSETCATALOG_COMPILER_APPICON_NAME = AppIcon;
				CODE_SIGN_STYLE = Automatic;
				DEVELOPMENT_TEAM = 336S848KQ4;
				INFOPLIST_FILE = Parasite/Info.plist;
				IPHONEOS_DEPLOYMENT_TARGET = 11.0;
				LD_RUNPATH_SEARCH_PATHS = "$(inherited) @executable_path/Frameworks";
				PRODUCT_BUNDLE_IDENTIFIER = com.raizlabs.Parasite;
				PRODUCT_NAME = "$(TARGET_NAME)";
				SWIFT_OBJC_BRIDGING_HEADER = "$(SRCROOT)/Parasite/Parasite-Bridging-Header.h";
				SWIFT_VERSION = 4.0;
				TARGETED_DEVICE_FAMILY = "1,2";
			};
			name = Debug;
		};
		09F1E579200EA17D0031FC0B /* Release */ = {
			isa = XCBuildConfiguration;
			baseConfigurationReference = F452D7BB7BBCC02C65E8BFC9 /* Pods-Parasite.release.xcconfig */;
			buildSettings = {
				ASSETCATALOG_COMPILER_APPICON_NAME = AppIcon;
				CODE_SIGN_STYLE = Automatic;
				DEVELOPMENT_TEAM = 336S848KQ4;
				INFOPLIST_FILE = Parasite/Info.plist;
				IPHONEOS_DEPLOYMENT_TARGET = 11.0;
				LD_RUNPATH_SEARCH_PATHS = "$(inherited) @executable_path/Frameworks";
				PRODUCT_BUNDLE_IDENTIFIER = com.raizlabs.Parasite;
				PRODUCT_NAME = "$(TARGET_NAME)";
				SWIFT_OBJC_BRIDGING_HEADER = "$(SRCROOT)/Parasite/Parasite-Bridging-Header.h";
				SWIFT_VERSION = 4.0;
				TARGETED_DEVICE_FAMILY = "1,2";
			};
			name = Release;
		};
		D4320F1D200E9CFF00BF69C2 /* Debug */ = {
			isa = XCBuildConfiguration;
			baseConfigurationReference = C09575DB18C5CB77F9B60BC3 /* Pods-SWABLE-Server.debug.xcconfig */;
			buildSettings = {
				ASSETCATALOG_COMPILER_APPICON_NAME = AppIcon;
				CODE_SIGN_ENTITLEMENTS = "SWABLE-Server/SWABLE_Server.entitlements";
				CODE_SIGN_IDENTITY = "Mac Developer";
				CODE_SIGN_STYLE = Automatic;
				COMBINE_HIDPI_IMAGES = YES;
				DEVELOPMENT_TEAM = 336S848KQ4;
				INFOPLIST_FILE = "SWABLE-Server/Info.plist";
				LD_RUNPATH_SEARCH_PATHS = "$(inherited) @executable_path/../Frameworks";
				MACOSX_DEPLOYMENT_TARGET = 10.13;
				PRODUCT_BUNDLE_IDENTIFIER = "com.raizlabs.swable-Server";
				PRODUCT_NAME = "$(TARGET_NAME)";
				SDKROOT = macosx;
				SWIFT_VERSION = 4.0;
			};
			name = Debug;
		};
		D4320F1E200E9CFF00BF69C2 /* Release */ = {
			isa = XCBuildConfiguration;
			baseConfigurationReference = 900BB15F678E32778D19C3B3 /* Pods-SWABLE-Server.release.xcconfig */;
			buildSettings = {
				ASSETCATALOG_COMPILER_APPICON_NAME = AppIcon;
				CODE_SIGN_ENTITLEMENTS = "SWABLE-Server/SWABLE_Server.entitlements";
				CODE_SIGN_IDENTITY = "Mac Developer";
				CODE_SIGN_STYLE = Automatic;
				COMBINE_HIDPI_IMAGES = YES;
				DEVELOPMENT_TEAM = 336S848KQ4;
				INFOPLIST_FILE = "SWABLE-Server/Info.plist";
				LD_RUNPATH_SEARCH_PATHS = "$(inherited) @executable_path/../Frameworks";
				MACOSX_DEPLOYMENT_TARGET = 10.13;
				PRODUCT_BUNDLE_IDENTIFIER = "com.raizlabs.swable-Server";
				PRODUCT_NAME = "$(TARGET_NAME)";
				SDKROOT = macosx;
				SWIFT_VERSION = 4.0;
			};
			name = Release;
		};
		D4527506200E9BBB000035B0 /* Debug */ = {
			isa = XCBuildConfiguration;
			buildSettings = {
				ALWAYS_SEARCH_USER_PATHS = NO;
				CLANG_ANALYZER_NONNULL = YES;
				CLANG_ANALYZER_NUMBER_OBJECT_CONVERSION = YES_AGGRESSIVE;
				CLANG_CXX_LANGUAGE_STANDARD = "gnu++14";
				CLANG_CXX_LIBRARY = "libc++";
				CLANG_ENABLE_MODULES = YES;
				CLANG_ENABLE_OBJC_ARC = YES;
				CLANG_WARN_BLOCK_CAPTURE_AUTORELEASING = YES;
				CLANG_WARN_BOOL_CONVERSION = YES;
				CLANG_WARN_COMMA = YES;
				CLANG_WARN_CONSTANT_CONVERSION = YES;
				CLANG_WARN_DIRECT_OBJC_ISA_USAGE = YES_ERROR;
				CLANG_WARN_DOCUMENTATION_COMMENTS = YES;
				CLANG_WARN_EMPTY_BODY = YES;
				CLANG_WARN_ENUM_CONVERSION = YES;
				CLANG_WARN_INFINITE_RECURSION = YES;
				CLANG_WARN_INT_CONVERSION = YES;
				CLANG_WARN_NON_LITERAL_NULL_CONVERSION = YES;
				CLANG_WARN_OBJC_LITERAL_CONVERSION = YES;
				CLANG_WARN_OBJC_ROOT_CLASS = YES_ERROR;
				CLANG_WARN_RANGE_LOOP_ANALYSIS = YES;
				CLANG_WARN_STRICT_PROTOTYPES = YES;
				CLANG_WARN_SUSPICIOUS_MOVE = YES;
				CLANG_WARN_UNGUARDED_AVAILABILITY = YES_AGGRESSIVE;
				CLANG_WARN_UNREACHABLE_CODE = YES;
				CLANG_WARN__DUPLICATE_METHOD_MATCH = YES;
				CODE_SIGN_IDENTITY = "iPhone Developer";
				COPY_PHASE_STRIP = NO;
				DEBUG_INFORMATION_FORMAT = dwarf;
				ENABLE_STRICT_OBJC_MSGSEND = YES;
				ENABLE_TESTABILITY = YES;
				GCC_C_LANGUAGE_STANDARD = gnu11;
				GCC_DYNAMIC_NO_PIC = NO;
				GCC_NO_COMMON_BLOCKS = YES;
				GCC_OPTIMIZATION_LEVEL = 0;
				GCC_PREPROCESSOR_DEFINITIONS = (
					"DEBUG=1",
					"$(inherited)",
				);
				GCC_WARN_64_TO_32_BIT_CONVERSION = YES;
				GCC_WARN_ABOUT_RETURN_TYPE = YES_ERROR;
				GCC_WARN_UNDECLARED_SELECTOR = YES;
				GCC_WARN_UNINITIALIZED_AUTOS = YES_AGGRESSIVE;
				GCC_WARN_UNUSED_FUNCTION = YES;
				GCC_WARN_UNUSED_VARIABLE = YES;
				IPHONEOS_DEPLOYMENT_TARGET = 11.1;
				MTL_ENABLE_DEBUG_INFO = YES;
				ONLY_ACTIVE_ARCH = YES;
				SDKROOT = iphoneos;
				SWIFT_ACTIVE_COMPILATION_CONDITIONS = DEBUG;
				SWIFT_OPTIMIZATION_LEVEL = "-Onone";
			};
			name = Debug;
		};
		D4527507200E9BBB000035B0 /* Release */ = {
			isa = XCBuildConfiguration;
			buildSettings = {
				ALWAYS_SEARCH_USER_PATHS = NO;
				CLANG_ANALYZER_NONNULL = YES;
				CLANG_ANALYZER_NUMBER_OBJECT_CONVERSION = YES_AGGRESSIVE;
				CLANG_CXX_LANGUAGE_STANDARD = "gnu++14";
				CLANG_CXX_LIBRARY = "libc++";
				CLANG_ENABLE_MODULES = YES;
				CLANG_ENABLE_OBJC_ARC = YES;
				CLANG_WARN_BLOCK_CAPTURE_AUTORELEASING = YES;
				CLANG_WARN_BOOL_CONVERSION = YES;
				CLANG_WARN_COMMA = YES;
				CLANG_WARN_CONSTANT_CONVERSION = YES;
				CLANG_WARN_DIRECT_OBJC_ISA_USAGE = YES_ERROR;
				CLANG_WARN_DOCUMENTATION_COMMENTS = YES;
				CLANG_WARN_EMPTY_BODY = YES;
				CLANG_WARN_ENUM_CONVERSION = YES;
				CLANG_WARN_INFINITE_RECURSION = YES;
				CLANG_WARN_INT_CONVERSION = YES;
				CLANG_WARN_NON_LITERAL_NULL_CONVERSION = YES;
				CLANG_WARN_OBJC_LITERAL_CONVERSION = YES;
				CLANG_WARN_OBJC_ROOT_CLASS = YES_ERROR;
				CLANG_WARN_RANGE_LOOP_ANALYSIS = YES;
				CLANG_WARN_STRICT_PROTOTYPES = YES;
				CLANG_WARN_SUSPICIOUS_MOVE = YES;
				CLANG_WARN_UNGUARDED_AVAILABILITY = YES_AGGRESSIVE;
				CLANG_WARN_UNREACHABLE_CODE = YES;
				CLANG_WARN__DUPLICATE_METHOD_MATCH = YES;
				CODE_SIGN_IDENTITY = "iPhone Developer";
				COPY_PHASE_STRIP = NO;
				DEBUG_INFORMATION_FORMAT = "dwarf-with-dsym";
				ENABLE_NS_ASSERTIONS = NO;
				ENABLE_STRICT_OBJC_MSGSEND = YES;
				GCC_C_LANGUAGE_STANDARD = gnu11;
				GCC_NO_COMMON_BLOCKS = YES;
				GCC_WARN_64_TO_32_BIT_CONVERSION = YES;
				GCC_WARN_ABOUT_RETURN_TYPE = YES_ERROR;
				GCC_WARN_UNDECLARED_SELECTOR = YES;
				GCC_WARN_UNINITIALIZED_AUTOS = YES_AGGRESSIVE;
				GCC_WARN_UNUSED_FUNCTION = YES;
				GCC_WARN_UNUSED_VARIABLE = YES;
				IPHONEOS_DEPLOYMENT_TARGET = 11.1;
				MTL_ENABLE_DEBUG_INFO = NO;
				SDKROOT = iphoneos;
				SWIFT_OPTIMIZATION_LEVEL = "-Owholemodule";
				VALIDATE_PRODUCT = YES;
			};
			name = Release;
		};
		D4527509200E9BBB000035B0 /* Debug */ = {
			isa = XCBuildConfiguration;
			baseConfigurationReference = 26A7037192C3BE6C418634F0 /* Pods-SWABLE-Client.debug.xcconfig */;
			buildSettings = {
				ASSETCATALOG_COMPILER_APPICON_NAME = AppIcon;
				CODE_SIGN_STYLE = Automatic;
				DEVELOPMENT_TEAM = 336S848KQ4;
				INFOPLIST_FILE = "$(TARGET_NAME)/Info.plist";
				IPHONEOS_DEPLOYMENT_TARGET = 11.0;
				LD_RUNPATH_SEARCH_PATHS = "$(inherited) @executable_path/Frameworks";
				PRODUCT_BUNDLE_IDENTIFIER = "com.raizlabs.swable-Client";
				PRODUCT_NAME = "$(TARGET_NAME)";
				SWIFT_VERSION = 4.0;
				TARGETED_DEVICE_FAMILY = "1,2";
			};
			name = Debug;
		};
		D452750A200E9BBB000035B0 /* Release */ = {
			isa = XCBuildConfiguration;
			baseConfigurationReference = 4DD297B462B69B23EE99BB36 /* Pods-SWABLE-Client.release.xcconfig */;
			buildSettings = {
				ASSETCATALOG_COMPILER_APPICON_NAME = AppIcon;
				CODE_SIGN_STYLE = Automatic;
				DEVELOPMENT_TEAM = 336S848KQ4;
				INFOPLIST_FILE = "$(TARGET_NAME)/Info.plist";
				IPHONEOS_DEPLOYMENT_TARGET = 11.0;
				LD_RUNPATH_SEARCH_PATHS = "$(inherited) @executable_path/Frameworks";
				PRODUCT_BUNDLE_IDENTIFIER = "com.raizlabs.swable-Client";
				PRODUCT_NAME = "$(TARGET_NAME)";
				SWIFT_VERSION = 4.0;
				TARGETED_DEVICE_FAMILY = "1,2";
			};
			name = Release;
		};
/* End XCBuildConfiguration section */

/* Begin XCConfigurationList section */
		09F1E57A200EA17D0031FC0B /* Build configuration list for PBXNativeTarget "Parasite" */ = {
			isa = XCConfigurationList;
			buildConfigurations = (
				09F1E578200EA17D0031FC0B /* Debug */,
				09F1E579200EA17D0031FC0B /* Release */,
			);
			defaultConfigurationIsVisible = 0;
			defaultConfigurationName = Release;
		};
		D4320F1C200E9CFF00BF69C2 /* Build configuration list for PBXNativeTarget "SWABLE-Server" */ = {
			isa = XCConfigurationList;
			buildConfigurations = (
				D4320F1D200E9CFF00BF69C2 /* Debug */,
				D4320F1E200E9CFF00BF69C2 /* Release */,
			);
			defaultConfigurationIsVisible = 0;
			defaultConfigurationName = Release;
		};
		D45274F1200E9BBB000035B0 /* Build configuration list for PBXProject "SWABLE" */ = {
			isa = XCConfigurationList;
			buildConfigurations = (
				D4527506200E9BBB000035B0 /* Debug */,
				D4527507200E9BBB000035B0 /* Release */,
			);
			defaultConfigurationIsVisible = 0;
			defaultConfigurationName = Release;
		};
		D4527508200E9BBB000035B0 /* Build configuration list for PBXNativeTarget "SWABLE-Client" */ = {
			isa = XCConfigurationList;
			buildConfigurations = (
				D4527509200E9BBB000035B0 /* Debug */,
				D452750A200E9BBB000035B0 /* Release */,
			);
			defaultConfigurationIsVisible = 0;
			defaultConfigurationName = Release;
		};
/* End XCConfigurationList section */
	};
	rootObject = D45274EE200E9BBB000035B0 /* Project object */;
}
